
Microsoft Visual Studio Solution File, Format Version 12.00
# Visual Studio Version 16
VisualStudioVersion = 16.0.34601.136
MinimumVisualStudioVersion = 10.0.40219.1
Project("{FAE04EC0-301F-11D3-BF4B-00C04F79EFBC}") = "banco", "banco.csproj", "{BA747789-9420-46E0-88B4-6E906D1470BE}"
EndProject
Global
	GlobalSection(SolutionConfigurationPlatforms) = preSolution
		Debug|Any CPU = Debug|Any CPU
		Release|Any CPU = Release|Any CPU
	EndGlobalSection
	GlobalSection(ProjectConfigurationPlatforms) = postSolution
		{BA747789-9420-46E0-88B4-6E906D1470BE}.Debug|Any CPU.ActiveCfg = Debug|Any CPU
		{BA747789-9420-46E0-88B4-6E906D1470BE}.Debug|Any CPU.Build.0 = Debug|Any CPU
		{BA747789-9420-46E0-88B4-6E906D1470BE}.Release|Any CPU.ActiveCfg = Release|Any CPU
		{BA747789-9420-46E0-88B4-6E906D1470BE}.Release|Any CPU.Build.0 = Release|Any CPU
	EndGlobalSection
	GlobalSection(SolutionProperties) = preSolution
		HideSolutionNode = FALSE
	EndGlobalSection
	GlobalSection(ExtensibilityGlobals) = postSolution
		SolutionGuid = {74B0DCC7-24B3-43F7-8712-E2D0A7FCE292}
	EndGlobalSection
EndGlobal
